
Microsoft Visual Studio Solution File, Format Version 12.00
# Visual Studio Version 17
VisualStudioVersion = 17.5.33516.290
MinimumVisualStudioVersion = 10.0.40219.1
Project("{FAE04EC0-301F-11D3-BF4B-00C04F79EFBC}") = "Lab04", "Lab04.csproj", "{C96D9D88-1F3C-40EA-9BAC-B4E5569201AE}"
EndProject
Global
	GlobalSection(SolutionConfigurationPlatforms) = preSolution
		Debug|Any CPU = Debug|Any CPU
		Release|Any CPU = Release|Any CPU
	EndGlobalSection
	GlobalSection(ProjectConfigurationPlatforms) = postSolution
		{C96D9D88-1F3C-40EA-9BAC-B4E5569201AE}.Debug|Any CPU.ActiveCfg = Debug|Any CPU
		{C96D9D88-1F3C-40EA-9BAC-B4E5569201AE}.Debug|Any CPU.Build.0 = Debug|Any CPU
		{C96D9D88-1F3C-40EA-9BAC-B4E5569201AE}.Release|Any CPU.ActiveCfg = Release|Any CPU
		{C96D9D88-1F3C-40EA-9BAC-B4E5569201AE}.Release|Any CPU.Build.0 = Release|Any CPU
	EndGlobalSection
	GlobalSection(SolutionProperties) = preSolution
		HideSolutionNode = FALSE
	EndGlobalSection
	GlobalSection(ExtensibilityGlobals) = postSolution
		SolutionGuid = {5929F9AF-936E-44CA-A3FB-E097E096689F}
	EndGlobalSection
EndGlobal
